
Microsoft Visual Studio Solution File, Format Version 12.00
# Visual Studio Version 16
VisualStudioVersion = 16.0.31005.135
MinimumVisualStudioVersion = 10.0.40219.1
Project("{FAE04EC0-301F-11D3-BF4B-00C04F79EFBC}") = "Othello Game Assignment", "Othello Game Assignment.csproj", "{E1BED2E4-9ED0-4B4D-9F5E-4D5CF17BDD3D}"
EndProject
Global
	GlobalSection(SolutionConfigurationPlatforms) = preSolution
		Debug|Any CPU = Debug|Any CPU
		Release|Any CPU = Release|Any CPU
	EndGlobalSection
	GlobalSection(ProjectConfigurationPlatforms) = postSolution
		{E1BED2E4-9ED0-4B4D-9F5E-4D5CF17BDD3D}.Debug|Any CPU.ActiveCfg = Debug|Any CPU
		{E1BED2E4-9ED0-4B4D-9F5E-4D5CF17BDD3D}.Debug|Any CPU.Build.0 = Debug|Any CPU
		{E1BED2E4-9ED0-4B4D-9F5E-4D5CF17BDD3D}.Release|Any CPU.ActiveCfg = Release|Any CPU
		{E1BED2E4-9ED0-4B4D-9F5E-4D5CF17BDD3D}.Release|Any CPU.Build.0 = Release|Any CPU
	EndGlobalSection
	GlobalSection(SolutionProperties) = preSolution
		HideSolutionNode = FALSE
	EndGlobalSection
	GlobalSection(ExtensibilityGlobals) = postSolution
		SolutionGuid = {1D596DE0-FB54-4160-88EC-367BAF0D40FF}
	EndGlobalSection
EndGlobal
